
Microsoft Visual Studio Solution File, Format Version 12.00
# Visual Studio Version 17
VisualStudioVersion = 17.14.36623.8 d17.14
MinimumVisualStudioVersion = 10.0.40219.1
Project("{FAE04EC0-301F-11D3-BF4B-00C04F79EFBC}") = "BackEnd S5-L1", "BackEnd S5-L1\BackEnd S5-L1.csproj", "{06BA1F93-8440-465F-AFEA-E8DA1F02161B}"
EndProject
Global
	GlobalSection(SolutionConfigurationPlatforms) = preSolution
		Debug|Any CPU = Debug|Any CPU
		Release|Any CPU = Release|Any CPU
	EndGlobalSection
	GlobalSection(ProjectConfigurationPlatforms) = postSolution
		{06BA1F93-8440-465F-AFEA-E8DA1F02161B}.Debug|Any CPU.ActiveCfg = Debug|Any CPU
		{06BA1F93-8440-465F-AFEA-E8DA1F02161B}.Debug|Any CPU.Build.0 = Debug|Any CPU
		{06BA1F93-8440-465F-AFEA-E8DA1F02161B}.Release|Any CPU.ActiveCfg = Release|Any CPU
		{06BA1F93-8440-465F-AFEA-E8DA1F02161B}.Release|Any CPU.Build.0 = Release|Any CPU
	EndGlobalSection
	GlobalSection(SolutionProperties) = preSolution
		HideSolutionNode = FALSE
	EndGlobalSection
	GlobalSection(ExtensibilityGlobals) = postSolution
		SolutionGuid = {17D5317B-274E-4B0B-8A0B-384F1080C8DC}
	EndGlobalSection
EndGlobal
